
Microsoft Visual Studio Solution File, Format Version 12.00
# Visual Studio Version 16
VisualStudioVersion = 16.0.32106.194
MinimumVisualStudioVersion = 10.0.40219.1
Project("{FAE04EC0-301F-11D3-BF4B-00C04F79EFBC}") = "DirectoriesAndFiles", "DirectoriesAndFiles\DirectoriesAndFiles.csproj", "{D1A2446D-46F9-4A91-AD9B-74487B3558AD}"
EndProject
Project("{FAE04EC0-301F-11D3-BF4B-00C04F79EFBC}") = "WishList", "WishList\WishList.csproj", "{EA48E862-3735-474C-AC42-9079DB67222F}"
EndProject
Project("{FAE04EC0-301F-11D3-BF4B-00C04F79EFBC}") = "MyWishList", "MyWishList\MyWishList.csproj", "{9C9BE8B7-34CF-4B18-BF65-51666705F4E1}"
EndProject
Project("{FAE04EC0-301F-11D3-BF4B-00C04F79EFBC}") = "ShoppingList", "ShoppingList\ShoppingList.csproj", "{56C3EA6F-A127-41CA-9B36-D899A5F31CA8}"
EndProject
Project("{FAE04EC0-301F-11D3-BF4B-00C04F79EFBC}") = "ShoppingList2", "ShoppingList2\ShoppingList2.csproj", "{12561FB4-9E83-4EAE-BC6B-2ABEACF52E8C}"
EndProject
Global
	GlobalSection(SolutionConfigurationPlatforms) = preSolution
		Debug|Any CPU = Debug|Any CPU
		Release|Any CPU = Release|Any CPU
	EndGlobalSection
	GlobalSection(ProjectConfigurationPlatforms) = postSolution
		{D1A2446D-46F9-4A91-AD9B-74487B3558AD}.Debug|Any CPU.ActiveCfg = Debug|Any CPU
		{D1A2446D-46F9-4A91-AD9B-74487B3558AD}.Debug|Any CPU.Build.0 = Debug|Any CPU
		{D1A2446D-46F9-4A91-AD9B-74487B3558AD}.Release|Any CPU.ActiveCfg = Release|Any CPU
		{D1A2446D-46F9-4A91-AD9B-74487B3558AD}.Release|Any CPU.Build.0 = Release|Any CPU
		{EA48E862-3735-474C-AC42-9079DB67222F}.Debug|Any CPU.ActiveCfg = Debug|Any CPU
		{EA48E862-3735-474C-AC42-9079DB67222F}.Debug|Any CPU.Build.0 = Debug|Any CPU
		{EA48E862-3735-474C-AC42-9079DB67222F}.Release|Any CPU.ActiveCfg = Release|Any CPU
		{EA48E862-3735-474C-AC42-9079DB67222F}.Release|Any CPU.Build.0 = Release|Any CPU
		{9C9BE8B7-34CF-4B18-BF65-51666705F4E1}.Debug|Any CPU.ActiveCfg = Debug|Any CPU
		{9C9BE8B7-34CF-4B18-BF65-51666705F4E1}.Debug|Any CPU.Build.0 = Debug|Any CPU
		{9C9BE8B7-34CF-4B18-BF65-51666705F4E1}.Release|Any CPU.ActiveCfg = Release|Any CPU
		{9C9BE8B7-34CF-4B18-BF65-51666705F4E1}.Release|Any CPU.Build.0 = Release|Any CPU
		{56C3EA6F-A127-41CA-9B36-D899A5F31CA8}.Debug|Any CPU.ActiveCfg = Debug|Any CPU
		{56C3EA6F-A127-41CA-9B36-D899A5F31CA8}.Debug|Any CPU.Build.0 = Debug|Any CPU
		{56C3EA6F-A127-41CA-9B36-D899A5F31CA8}.Release|Any CPU.ActiveCfg = Release|Any CPU
		{56C3EA6F-A127-41CA-9B36-D899A5F31CA8}.Release|Any CPU.Build.0 = Release|Any CPU
		{12561FB4-9E83-4EAE-BC6B-2ABEACF52E8C}.Debug|Any CPU.ActiveCfg = Debug|Any CPU
		{12561FB4-9E83-4EAE-BC6B-2ABEACF52E8C}.Debug|Any CPU.Build.0 = Debug|Any CPU
		{12561FB4-9E83-4EAE-BC6B-2ABEACF52E8C}.Release|Any CPU.ActiveCfg = Release|Any CPU
		{12561FB4-9E83-4EAE-BC6B-2ABEACF52E8C}.Release|Any CPU.Build.0 = Release|Any CPU
	EndGlobalSection
	GlobalSection(SolutionProperties) = preSolution
		HideSolutionNode = FALSE
	EndGlobalSection
	GlobalSection(ExtensibilityGlobals) = postSolution
		SolutionGuid = {01881CF2-BB39-4386-B94C-58C9513B9867}
	EndGlobalSection
EndGlobal
